
Microsoft Visual Studio Solution File, Format Version 12.00
# Visual Studio Version 17
VisualStudioVersion = 17.3.32825.248
MinimumVisualStudioVersion = 10.0.40219.1
Project("{9A19103F-16F7-4668-BE54-9A1E7A4F7556}") = "SportWave", "SportWave\SportWave.csproj", "{9A253195-E3B1-4E19-9B28-8E39C138C72C}"
EndProject
Project("{FAE04EC0-301F-11D3-BF4B-00C04F79EFBC}") = "SportWave.UnitTests", "SportWave.UnitTestss\SportWave.UnitTests.csproj", "{470213B7-05D2-4D2C-8C56-2021402FD39C}"
EndProject
Project("{FAE04EC0-301F-11D3-BF4B-00C04F79EFBC}") = "SportWave.UnitTestss", "SportWave.UnitTestss\SportWave.UnitTestss.csproj", "{CCF9E610-3598-4395-9A38-3ADE320D9761}"
EndProject
Global
	GlobalSection(SolutionConfigurationPlatforms) = preSolution
		Debug|Any CPU = Debug|Any CPU
		Release|Any CPU = Release|Any CPU
	EndGlobalSection
	GlobalSection(ProjectConfigurationPlatforms) = postSolution
		{9A253195-E3B1-4E19-9B28-8E39C138C72C}.Debug|Any CPU.ActiveCfg = Debug|Any CPU
		{9A253195-E3B1-4E19-9B28-8E39C138C72C}.Debug|Any CPU.Build.0 = Debug|Any CPU
		{9A253195-E3B1-4E19-9B28-8E39C138C72C}.Release|Any CPU.ActiveCfg = Release|Any CPU
		{9A253195-E3B1-4E19-9B28-8E39C138C72C}.Release|Any CPU.Build.0 = Release|Any CPU
		{470213B7-05D2-4D2C-8C56-2021402FD39C}.Debug|Any CPU.ActiveCfg = Debug|Any CPU
		{470213B7-05D2-4D2C-8C56-2021402FD39C}.Debug|Any CPU.Build.0 = Debug|Any CPU
		{470213B7-05D2-4D2C-8C56-2021402FD39C}.Release|Any CPU.ActiveCfg = Release|Any CPU
		{470213B7-05D2-4D2C-8C56-2021402FD39C}.Release|Any CPU.Build.0 = Release|Any CPU
		{CCF9E610-3598-4395-9A38-3ADE320D9761}.Debug|Any CPU.ActiveCfg = Debug|Any CPU
		{CCF9E610-3598-4395-9A38-3ADE320D9761}.Debug|Any CPU.Build.0 = Debug|Any CPU
		{CCF9E610-3598-4395-9A38-3ADE320D9761}.Release|Any CPU.ActiveCfg = Release|Any CPU
		{CCF9E610-3598-4395-9A38-3ADE320D9761}.Release|Any CPU.Build.0 = Release|Any CPU
	EndGlobalSection
	GlobalSection(SolutionProperties) = preSolution
		HideSolutionNode = FALSE
	EndGlobalSection
	GlobalSection(ExtensibilityGlobals) = postSolution
		SolutionGuid = {13E6F3BF-F9C1-4D68-93DB-F149FB623719}
	EndGlobalSection
EndGlobal
